{
    "_meta": {
        "hash": {
            "sha256": "cdd9a47908ccf21c341b330f4953300491f3f120ff2d9550cb0e34d813f22d0c"
        },
        "pipfile-spec": 6,
        "requires": {
            "python_version": "3.9"
        },
        "sources": [
            {
                "name": "pypi",
                "url": "https://pypi.org/simple",
                "verify_ssl": true
            }
        ]
    },
    "default": {
        "aiofile": {
            "hashes": [
                "sha256:068f38b8fce3bae17a324a8dc8aac61f5f71fdd218f14222186cc2be507f92c1",
                "sha256:cab1d3deb1545b7a9d92de16c021a8c90ac739b875336d4da82fea58a2ed60a5"
            ],
            "markers": "python_version >= '3.5' and python_version < '4'",
            "version": "==3.7.1"
        },
        "aiopath": {
            "hashes": [
                "sha256:9d85fd17ef1cbc75c0e81619acb3a1632cf5e15ead459e57fef5ec85e0b7a1da",
                "sha256:de2f9401dd098b9a279afb265df5a6eb5b78f39c2c4f3871f671fc1dd4b21d64"
            ],
            "index": "pypi",
            "version": "==0.5.12"
        },
        "anyio": {
            "hashes": [
                "sha256:929a6852074397afe1d989002aa96d457e3e1e5441357c60d03e7eea0e65e1b0",
                "sha256:ae57a67583e5ff8b4af47666ff5651c3732d45fd26c929253748e796af860374"
            ],
            "markers": "python_full_version >= '3.6.2'",
            "version": "==3.3.0"
        },
        "caio": {
            "hashes": [
                "sha256:2e46b0c008b8baadcac9c8acc66aa1fff58acae779a8a81479795a499f3a6a40",
                "sha256:46f649cbd68c6762e0a2d6fc1ab69ab9b06ddcdaab52241514b8c7cce48be08a",
                "sha256:4c10054e6bc19e619033bb6f6ef8000b334596f0a947de91462513e5f54054db",
                "sha256:7331c49c6d9036a72ba9ae17de9804359b84c0c3c69bb9f3ab7020bf47f59a53",
                "sha256:966575da339c004c2410b4a92a6b7639659a6e90f45849dafa839e9dd2177c77",
                "sha256:ab94072fb0b00ee0108acd938c9444b828bd9dd0afbb54059293c1e5e61f2a76",
                "sha256:cccd691fa9eadb378ec2baf6bce6427640a629426a4dcd56d66b849a09c49949",
                "sha256:e475ed5cadd550aef36b10a74613fa797e8141cd7360af71507ed29eaaf20b0b",
                "sha256:fa4b8f9538a2b52081edee7f972f6644f02149ae7d1ea9c3a7d55df9c1cc182f",
                "sha256:fae7cd90da87effda72ec2ca85df67f6dc91e58c0dfb6244db4c4d32d1a43fb7"
            ],
            "markers": "python_version >= '3.5' and python_version < '4'",
            "version": "==0.9.3"
        },
        "idna": {
            "hashes": [
                "sha256:14475042e284991034cb48e06f6851428fb14c4dc953acd9be9a5e95c7b6dd7a",
                "sha256:467fbad99067910785144ce333826c71fb0e63a425657295239737f7ecd125f3"
            ],
            "markers": "python_version >= '3.5'",
            "version": "==3.2"
        },
        "sniffio": {
            "hashes": [
                "sha256:471b71698eac1c2112a40ce2752bb2f4a4814c22a54a3eed3676bc0f5ca9f663",
                "sha256:c4666eecec1d3f50960c6bdf61ab7bc350648da6c126e3cf6898d8cd4ddcd3de"
            ],
            "markers": "python_version >= '3.5'",
            "version": "==1.2.0"
        },
        "typing-extensions": {
            "hashes": [
                "sha256:0ac0f89795dd19de6b97debb0c6af1c70987fd80a2d62d1958f7e56fcc31b497",
                "sha256:50b6f157849174217d0656f99dc82fe932884fb250826c18350e159ec6cdf342",
                "sha256:779383f6086d90c99ae41cf0ff39aac8a7937a9283ce0a414e5dd782f4c94a84"
            ],
            "markers": "python_version < '3.10'",
            "version": "==3.10.0.0"
        }
    },
    "develop": {}
}
